
Microsoft Visual Studio Solution File, Format Version 12.00
# Visual Studio Version 17
VisualStudioVersion = 17.7.34202.233
MinimumVisualStudioVersion = 10.0.40219.1
Project("{FAE04EC0-301F-11D3-BF4B-00C04F79EFBC}") = "Practica 19", "Practica 19.csproj", "{A1035FDF-8CA6-480D-9146-C2AEB6686C10}"
EndProject
Global
	GlobalSection(SolutionConfigurationPlatforms) = preSolution
		Debug|Any CPU = Debug|Any CPU
		Release|Any CPU = Release|Any CPU
	EndGlobalSection
	GlobalSection(ProjectConfigurationPlatforms) = postSolution
		{A1035FDF-8CA6-480D-9146-C2AEB6686C10}.Debug|Any CPU.ActiveCfg = Debug|Any CPU
		{A1035FDF-8CA6-480D-9146-C2AEB6686C10}.Debug|Any CPU.Build.0 = Debug|Any CPU
		{A1035FDF-8CA6-480D-9146-C2AEB6686C10}.Release|Any CPU.ActiveCfg = Release|Any CPU
		{A1035FDF-8CA6-480D-9146-C2AEB6686C10}.Release|Any CPU.Build.0 = Release|Any CPU
	EndGlobalSection
	GlobalSection(SolutionProperties) = preSolution
		HideSolutionNode = FALSE
	EndGlobalSection
	GlobalSection(ExtensibilityGlobals) = postSolution
		SolutionGuid = {C7F30A56-2B85-4AC1-9EA5-6EC8F33E2FA4}
	EndGlobalSection
EndGlobal
